
Microsoft Visual Studio Solution File, Format Version 12.00
# Visual Studio Version 17
VisualStudioVersion = 17.14.36705.20 d17.14
MinimumVisualStudioVersion = 10.0.40219.1
Project("{FAE04EC0-301F-11D3-BF4B-00C04F79EFBC}") = "Sudoku", "Sudoku\Sudoku.csproj", "{F6CE9062-2608-44B6-A6EC-51ED1CEC239E}"
EndProject
Global
	GlobalSection(SolutionConfigurationPlatforms) = preSolution
		Debug|Any CPU = Debug|Any CPU
		Release|Any CPU = Release|Any CPU
	EndGlobalSection
	GlobalSection(ProjectConfigurationPlatforms) = postSolution
		{F6CE9062-2608-44B6-A6EC-51ED1CEC239E}.Debug|Any CPU.ActiveCfg = Debug|Any CPU
		{F6CE9062-2608-44B6-A6EC-51ED1CEC239E}.Debug|Any CPU.Build.0 = Debug|Any CPU
		{F6CE9062-2608-44B6-A6EC-51ED1CEC239E}.Release|Any CPU.ActiveCfg = Release|Any CPU
		{F6CE9062-2608-44B6-A6EC-51ED1CEC239E}.Release|Any CPU.Build.0 = Release|Any CPU
	EndGlobalSection
	GlobalSection(SolutionProperties) = preSolution
		HideSolutionNode = FALSE
	EndGlobalSection
	GlobalSection(ExtensibilityGlobals) = postSolution
		SolutionGuid = {461CCE6E-7E4C-4998-8DE0-028C20C67C77}
	EndGlobalSection
EndGlobal
